schema: '2.0'
stages:
  get_data:
    cmd: python get_data.py
    deps:
    - path: get_data.py
      hash: md5
      md5: 9a5928502c580b2858be07d5e5445b30
      size: 813
    outs:
    - path: data_raw.csv
      hash: md5
      md5: 92645e391e79b17640286fe32aaa25c7
      size: 4613
  train:
    cmd: python train.py
    deps:
    - path: data_raw.csv
      hash: md5
      md5: 92645e391e79b17640286fe32aaa25c7
      size: 4613
    - path: train.py
      hash: md5
      md5: a88163e7c26f08f422b99bb0bbc95cb6
      size: 5139
    params:
      params.yaml:
        epochs: 900
    outs:
    - path: by_feature.png
      hash: md5
      md5: d9701f0966e90c9770d163ceb82ceae8
      size: 19027
    - path: metrics.json
      hash: md5
      md5: 32c3ecaace1f6e44046230ebf6b06c12
      size: 75
